
Microsoft Visual Studio Solution File, Format Version 12.00
# Visual Studio Version 17
VisualStudioVersion = 17.6.33829.357
MinimumVisualStudioVersion = 10.0.40219.1
Project("{FAE04EC0-301F-11D3-BF4B-00C04F79EFBC}") = "monty-hall-problem-demo", "monty-hall-problem-demo\monty-hall-problem-demo.csproj", "{3C3252A2-98F0-48E0-9B0A-1323D916998D}"
EndProject
Global
	GlobalSection(SolutionConfigurationPlatforms) = preSolution
		Debug|Any CPU = Debug|Any CPU
		Release|Any CPU = Release|Any CPU
	EndGlobalSection
	GlobalSection(ProjectConfigurationPlatforms) = postSolution
		{3C3252A2-98F0-48E0-9B0A-1323D916998D}.Debug|Any CPU.ActiveCfg = Debug|Any CPU
		{3C3252A2-98F0-48E0-9B0A-1323D916998D}.Debug|Any CPU.Build.0 = Debug|Any CPU
		{3C3252A2-98F0-48E0-9B0A-1323D916998D}.Release|Any CPU.ActiveCfg = Release|Any CPU
		{3C3252A2-98F0-48E0-9B0A-1323D916998D}.Release|Any CPU.Build.0 = Release|Any CPU
	EndGlobalSection
	GlobalSection(SolutionProperties) = preSolution
		HideSolutionNode = FALSE
	EndGlobalSection
	GlobalSection(ExtensibilityGlobals) = postSolution
		SolutionGuid = {E6F87EDD-11DF-438B-8F5D-D70CDA1CC997}
	EndGlobalSection
EndGlobal
